lockfileVersion: '9.0'

settings:
  autoInstallPeers: true
  excludeLinksFromLockfile: false

importers:

  .:
    devDependencies:
      prettier:
        specifier: 3.7.1
        version: 3.7.1
      prettier-plugin-sort-json:
        specifier: 4.1.1
        version: 4.1.1(prettier@3.7.1)

packages:

  prettier-plugin-sort-json@4.1.1:
    resolution: {integrity: sha512-uJ49wCzwJ/foKKV4tIPxqi4jFFvwUzw4oACMRG2dcmDhBKrxBv0L2wSKkAqHCmxKCvj0xcCZS4jO2kSJO/tRJw==}
    engines: {node: '>=18.0.0'}
    peerDependencies:
      prettier: ^3.0.0

  prettier@3.7.1:
    resolution: {integrity: sha512-RWKXE4qB3u5Z6yz7omJkjWwmTfLdcbv44jUVHC5NpfXwFGzvpQM798FGv/6WNK879tc+Cn0AAyherCl1KjbyZQ==}
    engines: {node: '>=14'}
    hasBin: true

snapshots:

  prettier-plugin-sort-json@4.1.1(prettier@3.7.1):
    dependencies:
      prettier: 3.7.1

  prettier@3.7.1: {}
