lockfileVersion: '9.0'

settings:
  autoInstallPeers: true
  excludeLinksFromLockfile: false

importers:

  .:
    devDependencies:
      prettier:
        specifier: 3.9.5
        version: 3.9.5
      prettier-plugin-sort-json:
        specifier: 4.2.0
        version: 4.2.0(prettier@3.9.5)

packages:

  prettier-plugin-sort-json@4.2.0:
    resolution: {integrity: sha512-jK1w3/7otTvHtv1eoLji2U9mEoOGeyl7QQQ/afLnjht1YtRLSUUk8o0rIIC/HUVXhoGPCFe4SVZbRGYjjUVgvA==}
    engines: {node: '>=18.0.0'}
    peerDependencies:
      prettier: ^3.0.0

  prettier@3.9.5:
    resolution: {integrity: sha512-/FVl766LpUfB5vXgCYOYa0MeV/441Ia99AeICQIQFTY/Nw0roZwULcXpku5i1/m5kt/baz+s4Zogspd839HSMg==}
    engines: {node: '>=14'}
    hasBin: true

snapshots:

  prettier-plugin-sort-json@4.2.0(prettier@3.9.5):
    dependencies:
      prettier: 3.9.5

  prettier@3.9.5: {}
