lockfileVersion: '9.0'

settings:
  autoInstallPeers: true
  excludeLinksFromLockfile: false

importers:

  .:
    devDependencies:
      prettier:
        specifier: 3.7.2
        version: 3.7.2
      prettier-plugin-sort-json:
        specifier: 4.1.1
        version: 4.1.1(prettier@3.7.2)

packages:

  prettier-plugin-sort-json@4.1.1:
    resolution: {integrity: sha512-uJ49wCzwJ/foKKV4tIPxqi4jFFvwUzw4oACMRG2dcmDhBKrxBv0L2wSKkAqHCmxKCvj0xcCZS4jO2kSJO/tRJw==}
    engines: {node: '>=18.0.0'}
    peerDependencies:
      prettier: ^3.0.0

  prettier@3.7.2:
    resolution: {integrity: sha512-n3HV2J6QhItCXndGa3oMWvWFAgN1ibnS7R9mt6iokScBOC0Ul9/iZORmU2IWUMcyAQaMPjTlY3uT34TqocUxMA==}
    engines: {node: '>=14'}
    hasBin: true

snapshots:

  prettier-plugin-sort-json@4.1.1(prettier@3.7.2):
    dependencies:
      prettier: 3.7.2

  prettier@3.7.2: {}
